github.com/nomnemonic/nomnemonic v0.3.0 h1:yVGV02QykTNi7ghBv0JD80uNj/D/o5eWsS8WO91I4j4=
github.com/nomnemonic/nomnemonic v0.3.0/go.mod h1:gi3b2ZtEORa2r1Gs4MxxG0CktBsJwBIjtuC1czm++xs=
golang.org/x/crypto v0.3.0 h1:a06MkbcxBrEFc0w0QIZWXrH/9cCX6KJyWbBOIwAn+7A=
golang.org/x/crypto v0.3.0/go.mod h1:hebNnKkNXi2UzZN1eVRvBB7co0a+JxK6XbPiWVs/3J4=
